{
  "name": "end_to_end_tests",
  "version": "1.33.1",
  "lockfileVersion": 3,
  "requires": true,
  "packages": {
    "": {
      "name": "end_to_end_tests",
      "version": "1.33.1",
      "devDependencies": {
        "@playwright/test": "1.54.0",
        "@types/node": "24.0.13"
      }
    },
    "node_modules/@playwright/test": {
      "version": "1.54.0",
      "resolved": "https://registry.npmjs.org/@playwright/test/-/test-1.54.0.tgz",
      "integrity": "sha512-6Mnd5daQmLivaLu5kxUg6FxPtXY4sXsS5SUwKjWNy4ISe4pKraNHoFxcsaTFiNUULbjy0Vlb5HT86QuM0Jy1pQ==",
      "dev": true,
      "license": "Apache-2.0",
      "dependencies": {
        "playwright": "1.54.0"
      },
      "bin": {
        "playwright": "cli.js"
      },
      "engines": {
        "node": ">=18"
      }
    },
    "node_modules/@types/node": {
      "version": "24.0.13",
      "resolved": "https://registry.npmjs.org/@types/node/-/node-24.0.13.tgz",
      "integrity": "sha512-Qm9OYVOFHFYg3wJoTSrz80hoec5Lia/dPp84do3X7dZvLikQvM1YpmvTBEdIr/e+U8HTkFjLHLnl78K/qjf+jQ==",
      "dev": true,
      "license": "MIT",
      "dependencies": {
        "undici-types": "~7.8.0"
      }
    },
    "node_modules/fsevents": {
      "version": "2.3.2",
      "resolved": "https://registry.npmjs.org/fsevents/-/fsevents-2.3.2.tgz",
      "integrity": "sha512-xiqMQR4xAeHTuB9uWm+fFRcIOgKBMiOBP+eXiyT7jsgVCq1bkVygt00oASowB7EdtpOHaaPgKt812P9ab+DDKA==",
      "dev": true,
      "hasInstallScript": true,
      "license": "MIT",
      "optional": true,
      "os": [
        "darwin"
      ],
      "engines": {
        "node": "^8.16.0 || ^10.6.0 || >=11.0.0"
      }
    },
    "node_modules/playwright": {
      "version": "1.54.0",
      "resolved": "https://registry.npmjs.org/playwright/-/playwright-1.54.0.tgz",
      "integrity": "sha512-y9yzHmXRwEUOpghM7XGcA38GjWuTOUMaTIcm/5rHcYVjh5MSp9qQMRRMc/+p1cx+csoPnX4wkxAF61v5VKirxg==",
      "dev": true,
      "license": "Apache-2.0",
      "dependencies": {
        "playwright-core": "1.54.0"
      },
      "bin": {
        "playwright": "cli.js"
      },
      "engines": {
        "node": ">=18"
      },
      "optionalDependencies": {
        "fsevents": "2.3.2"
      }
    },
    "node_modules/playwright-core": {
      "version": "1.54.0",
      "resolved": "https://registry.npmjs.org/playwright-core/-/playwright-core-1.54.0.tgz",
      "integrity": "sha512-uiWpWaJh3R3etpJ0QrpligEMl62Dk1iSAB6NUXylvmQz+e3eipXHDHvOvydDAssb5Oqo0E818qdn0L9GcJSTyA==",
      "dev": true,
      "license": "Apache-2.0",
      "bin": {
        "playwright-core": "cli.js"
      },
      "engines": {
        "node": ">=18"
      }
    },
    "node_modules/undici-types": {
      "version": "7.8.0",
      "resolved": "https://registry.npmjs.org/undici-types/-/undici-types-7.8.0.tgz",
      "integrity": "sha512-9UJ2xGDvQ43tYyVMpuHlsgApydB8ZKfVYTsLDhXkFL/6gfkp+U8xTGdh8pMJv1SpZna0zxG1DwsKZsreLbXBxw==",
      "dev": true,
      "license": "MIT"
    }
  }
}
